{
  "lockfileVersion": 1,
  "workspaces": {
    "": {
      "dependencies": {
        "@opencode-ai/plugin": "^0.5.1",
      },
    },
  },
  "packages": {
    "@opencode-ai/plugin": ["@opencode-ai/plugin@0.5.1", "", { "dependencies": { "@opencode-ai/sdk": "0.4.19" } }, "sha512-dhVybeWgn3ulakZC9lD/Ar4PNWSFTLgAXjtRQYGsUQ1NE7w7pHI9VCGSsg0ejzYWwf4JqALkmTRLnEAuFFj84g=="],

    "@opencode-ai/sdk": ["@opencode-ai/sdk@0.4.19", "", {}, "sha512-7V+wDR1+m+TQZAraAh/bOSObiA/uysG1YIXZVe6gl1sQAXDtkG2FYCzs0gTZ/ORdkUKEnr3vyQIk895Mu0CC/w=="],
  }
}
